<?xml version="1.0" encoding="utf-8"?>
<Project ToolsVersion="4.0" xmlns="http://schemas.microsoft.com/developer/msbuild/2003">
  <ItemGroup>
    <Filter Include="Resource Files">
      <UniqueIdentifier>{67DA6AB6-F800-4c08-8B7A-83BB121AAD01}</UniqueIdentifier>
      <Extensions>rc;ico;cur;bmp;dlg;rc2;rct;bin;rgs;gif;jpg;jpeg;jpe;resx;tiff;tif;png;wav;mfcribbon-ms</Extensions>
    </Filter>
    <Filter Include="Memory">
      <UniqueIdentifier>{00704224-b387-421a-aa95-99bc897a21db}</UniqueIdentifier>
    </Filter>
    <Filter Include="Memory\Base">
      <UniqueIdentifier>{baa8fbfa-7982-42e6-ad2e-a9b2421692e4}</UniqueIdentifier>
    </Filter>
    <Filter Include="Memory\Allocators">
      <UniqueIdentifier>{6364e460-fd22-4757-847f-fa43d6e88eef}</UniqueIdentifier>
    </Filter>
    <Filter Include="Memory\Misc">
      <UniqueIdentifier>{cf419e68-f255-4b02-b802-853abe58b4f3}</UniqueIdentifier>
    </Filter>
  </ItemGroup>
  <ItemGroup>
    <ClCompile Include="main.cpp" />
    <ClCompile Include="MemBlock.cpp">
      <Filter>Memory\Base</Filter>
    </ClCompile>
    <ClCompile Include="Allocator.cpp">
      <Filter>Memory\Base</Filter>
    </ClCompile>
    <ClCompile Include="StackAlloc.cpp">
      <Filter>Memory\Allocators</Filter>
    </ClCompile>
    <ClCompile Include="PoolAlloc.cpp">
      <Filter>Memory\Allocators</Filter>
    </ClCompile>
    <ClCompile Include="ThreadSafeAllocators.cpp" />
    <ClCompile Include="StompAlloc.cpp">
      <Filter>Memory\Allocators</Filter>
    </ClCompile>
    <ClCompile Include="BuddyAllocator.cpp">
      <Filter>Memory\Allocators</Filter>
    </ClCompile>
    <ClCompile Include="ThreadSafeAllocators.cpp">
      <Filter>Memory\Base</Filter>
    </ClCompile>
    <ClCompile Include="AllocTester.cpp">
      <Filter>Memory\Misc</Filter>
    </ClCompile>
  </ItemGroup>
  <ItemGroup>
    <ClInclude Include="Allocator.h">
      <Filter>Memory\Base</Filter>
    </ClInclude>
    <ClInclude Include="MemBlock.h">
      <Filter>Memory\Base</Filter>
    </ClInclude>
    <ClInclude Include="PoolAlloc.h">
      <Filter>Memory\Allocators</Filter>
    </ClInclude>
    <ClInclude Include="StackAlloc.h">
      <Filter>Memory\Allocators</Filter>
    </ClInclude>
    <ClInclude Include="Includes.h">
      <Filter>Resource Files</Filter>
    </ClInclude>
    <ClInclude Include="MemoryAlloc.h">
      <Filter>Memory</Filter>
    </ClInclude>
    <ClInclude Include="Settings.h">
      <Filter>Resource Files</Filter>
    </ClInclude>
    <ClInclude Include="StompAlloc.h">
      <Filter>Memory\Allocators</Filter>
    </ClInclude>
    <ClInclude Include="ThreadSafeAllocators.h" />
    <ClInclude Include="BuddyAllocator.h">
      <Filter>Memory\Allocators</Filter>
    </ClInclude>
    <ClInclude Include="ThreadSafeAllocators.h">
      <Filter>Memory\Base</Filter>
    </ClInclude>
    <ClInclude Include="AllocTester.h">
      <Filter>Memory\Misc</Filter>
    </ClInclude>
  </ItemGroup>
</Project>