<?xml version="1.0" encoding="utf-8"?>
<Project ToolsVersion="4.0" xmlns="http://schemas.microsoft.com/developer/msbuild/2003">
  <ItemGroup>
    <Filter Include="Resource Files">
      <UniqueIdentifier>{67DA6AB6-F800-4c08-8B7A-83BB121AAD01}</UniqueIdentifier>
      <Extensions>rc;ico;cur;bmp;dlg;rc2;rct;bin;rgs;gif;jpg;jpeg;jpe;resx;tiff;tif;png;wav;mfcribbon-ms</Extensions>
    </Filter>
    <Filter Include="Resource Files\ImGui">
      <UniqueIdentifier>{ef10d3d9-1acf-4d1f-8441-e7aa0e5892eb}</UniqueIdentifier>
    </Filter>
    <Filter Include="Config">
      <UniqueIdentifier>{63aa537c-093b-4e7d-a508-d582303652fa}</UniqueIdentifier>
    </Filter>
    <Filter Include="Core">
      <UniqueIdentifier>{5c9637c0-b6be-4d6d-8daa-bf5b08cd2212}</UniqueIdentifier>
    </Filter>
    <Filter Include="Resource Files\libdata">
      <UniqueIdentifier>{8305a195-37bf-4e72-9af1-22e1924ea554}</UniqueIdentifier>
    </Filter>
  </ItemGroup>
  <ItemGroup>
    <ClCompile Include="main.cpp" />
    <ClCompile Include="Imgui.cpp">
      <Filter>Resource Files\ImGui</Filter>
    </ClCompile>
    <ClCompile Include="Project.cpp">
      <Filter>Core</Filter>
    </ClCompile>
    <ClCompile Include="Renderer.cpp">
      <Filter>Core</Filter>
    </ClCompile>
    <ClCompile Include="Camera.cpp">
      <Filter>Core</Filter>
    </ClCompile>
  </ItemGroup>
  <ItemGroup>
    <ClInclude Include="Imgui.h">
      <Filter>Resource Files\ImGui</Filter>
    </ClInclude>
    <ClInclude Include="Settings.h">
      <Filter>Config</Filter>
    </ClInclude>
    <ClInclude Include="Includes.h">
      <Filter>Config</Filter>
    </ClInclude>
    <ClInclude Include="Renderer.h">
      <Filter>Core</Filter>
    </ClInclude>
    <ClInclude Include="Project.h">
      <Filter>Core</Filter>
    </ClInclude>
    <ClInclude Include="Libs\rlImGui\include\extras\FA6FreeSolidFontData.h">
      <Filter>Resource Files\libdata</Filter>
    </ClInclude>
    <ClInclude Include="Libs\rlImGui\include\extras\IconsFontAwesome6.h">
      <Filter>Resource Files\libdata</Filter>
    </ClInclude>
    <ClInclude Include="Libs\rlImGui\include\imgui_raylib.h">
      <Filter>Resource Files\libdata</Filter>
    </ClInclude>
    <ClInclude Include="Libs\rlImGui\include\imgui_raylibcolors.h">
      <Filter>Resource Files\libdata</Filter>
    </ClInclude>
    <ClInclude Include="Libs\raylib\include\raylib.h">
      <Filter>Resource Files\libdata</Filter>
    </ClInclude>
    <ClInclude Include="Libs\raylib\include\raymath.h">
      <Filter>Resource Files\libdata</Filter>
    </ClInclude>
    <ClInclude Include="Libs\raylib\include\rlgl.h">
      <Filter>Resource Files\libdata</Filter>
    </ClInclude>
    <ClInclude Include="rlights.h">
      <Filter>Core</Filter>
    </ClInclude>
  </ItemGroup>
  <ItemGroup>
    <None Include="Libs\ImGui\lib\Debug\ImGui.pdb">
      <Filter>Resource Files\libdata</Filter>
    </None>
    <None Include="Libs\ImGui\lib\Release\ImGui.pdb">
      <Filter>Resource Files\libdata</Filter>
    </None>
    <None Include="Libs\rlImGui\lib\Debug\rlImGui.idb">
      <Filter>Resource Files\libdata</Filter>
    </None>
    <None Include="Libs\rlImGui\lib\Debug\rlImGui.pdb">
      <Filter>Resource Files\libdata</Filter>
    </None>
    <None Include="Libs\rlImGui\lib\Release\rlImGui.pdb">
      <Filter>Resource Files\libdata</Filter>
    </None>
  </ItemGroup>
  <ItemGroup>
    <Library Include="Libs\ImGui\lib\Debug\ImGui.lib">
      <Filter>Resource Files\libdata</Filter>
    </Library>
    <Library Include="Libs\ImGui\lib\Release\ImGui.lib">
      <Filter>Resource Files\libdata</Filter>
    </Library>
    <Library Include="Libs\raylib\lib\Debug\raylib.lib">
      <Filter>Resource Files\libdata</Filter>
    </Library>
    <Library Include="Libs\raylib\lib\Release\raylib.lib">
      <Filter>Resource Files\libdata</Filter>
    </Library>
    <Library Include="Libs\rlImGui\lib\Debug\rlImGui.lib">
      <Filter>Resource Files\libdata</Filter>
    </Library>
    <Library Include="Libs\rlImGui\lib\Release\rlImGui.lib">
      <Filter>Resource Files\libdata</Filter>
    </Library>
  </ItemGroup>
  <ItemGroup>
    <Text Include="Libs\rlImGui\include\extras\FontAwsome_LICENSE.txt">
      <Filter>Resource Files\libdata</Filter>
    </Text>
    <ClInclude Include="Camera.h">
      <Filter>Core</Filter>
    </ClInclude>
  </ItemGroup>
  <ItemGroup>
    <Font Include="Assets\Fonts\ubuntu.ttf">
      <Filter>Resource Files\libdata</Filter>
    </Font>
  </ItemGroup>
</Project>